
Microsoft Visual Studio Solution File, Format Version 12.00
# Visual Studio Version 16
VisualStudioVersion = 16.0.29411.108
MinimumVisualStudioVersion = 10.0.40219.1
Project("{FAE04EC0-301F-11D3-BF4B-00C04F79EFBC}") = "opgave_til_p1_programmor", "opgave_til_p1_programmor\opgave_til_p1_programmor.csproj", "{F91E7BE2-D531-461D-9928-A55A44465ABC}"
EndProject
Global
	GlobalSection(SolutionConfigurationPlatforms) = preSolution
		Debug|Any CPU = Debug|Any CPU
		Release|Any CPU = Release|Any CPU
	EndGlobalSection
	GlobalSection(ProjectConfigurationPlatforms) = postSolution
		{F91E7BE2-D531-461D-9928-A55A44465ABC}.Debug|Any CPU.ActiveCfg = Debug|Any CPU
		{F91E7BE2-D531-461D-9928-A55A44465ABC}.Debug|Any CPU.Build.0 = Debug|Any CPU
		{F91E7BE2-D531-461D-9928-A55A44465ABC}.Release|Any CPU.ActiveCfg = Release|Any CPU
		{F91E7BE2-D531-461D-9928-A55A44465ABC}.Release|Any CPU.Build.0 = Release|Any CPU
	EndGlobalSection
	GlobalSection(SolutionProperties) = preSolution
		HideSolutionNode = FALSE
	EndGlobalSection
	GlobalSection(ExtensibilityGlobals) = postSolution
		SolutionGuid = {CF98FBB1-E48F-4A47-A614-CA85E8CCAB9B}
	EndGlobalSection
EndGlobal
